
Microsoft Visual Studio Solution File, Format Version 12.00
# Visual Studio 15
VisualStudioVersion = 15.0.28307.572
MinimumVisualStudioVersion = 10.0.40219.1
Project("{FAE04EC0-301F-11D3-BF4B-00C04F79EFBC}") = "Seq.App.UnseenValueAlert", "Seq.App.UnseenValueAlert.csproj", "{EF9C84A8-6607-4F6E-9787-7C44463F5517}"
EndProject
Global
	GlobalSection(SolutionConfigurationPlatforms) = preSolution
		Debug|Any CPU = Debug|Any CPU
		Release|Any CPU = Release|Any CPU
	EndGlobalSection
	GlobalSection(ProjectConfigurationPlatforms) = postSolution
		{EF9C84A8-6607-4F6E-9787-7C44463F5517}.Debug|Any CPU.ActiveCfg = Debug|Any CPU
		{EF9C84A8-6607-4F6E-9787-7C44463F5517}.Debug|Any CPU.Build.0 = Debug|Any CPU
		{EF9C84A8-6607-4F6E-9787-7C44463F5517}.Release|Any CPU.ActiveCfg = Release|Any CPU
		{EF9C84A8-6607-4F6E-9787-7C44463F5517}.Release|Any CPU.Build.0 = Release|Any CPU
	EndGlobalSection
	GlobalSection(SolutionProperties) = preSolution
		HideSolutionNode = FALSE
	EndGlobalSection
	GlobalSection(ExtensibilityGlobals) = postSolution
		SolutionGuid = {ACFC00BA-556C-4514-BC74-398D466FF4C5}
	EndGlobalSection
EndGlobal
